
Microsoft Visual Studio Solution File, Format Version 12.00
# Visual Studio Version 16
VisualStudioVersion = 16.0.31129.286
MinimumVisualStudioVersion = 10.0.40219.1
Project("{2150E333-8FDC-42A3-9474-1A3956D46DE8}") = "src", "src", "{D464FABD-4850-4B61-94B7-46A4BA307597}"
EndProject
Project("{FAE04EC0-301F-11D3-BF4B-00C04F79EFBC}") = "DeadlockDemo", "src\DeadlockDemo\DeadlockDemo.csproj", "{61C58BBD-10E2-438A-875B-D761F527536E}"
EndProject
Project("{2150E333-8FDC-42A3-9474-1A3956D46DE8}") = "docs", "docs", "{07A9F80C-4940-41DB-B477-0E50BC228ABA}"
	ProjectSection(SolutionItems) = preProject
		README.md = README.md
	EndProjectSection
EndProject
Global
	GlobalSection(SolutionConfigurationPlatforms) = preSolution
		Debug|Any CPU = Debug|Any CPU
		Release|Any CPU = Release|Any CPU
	EndGlobalSection
	GlobalSection(ProjectConfigurationPlatforms) = postSolution
		{61C58BBD-10E2-438A-875B-D761F527536E}.Debug|Any CPU.ActiveCfg = Debug|Any CPU
		{61C58BBD-10E2-438A-875B-D761F527536E}.Debug|Any CPU.Build.0 = Debug|Any CPU
		{61C58BBD-10E2-438A-875B-D761F527536E}.Release|Any CPU.ActiveCfg = Release|Any CPU
		{61C58BBD-10E2-438A-875B-D761F527536E}.Release|Any CPU.Build.0 = Release|Any CPU
	EndGlobalSection
	GlobalSection(SolutionProperties) = preSolution
		HideSolutionNode = FALSE
	EndGlobalSection
	GlobalSection(NestedProjects) = preSolution
		{61C58BBD-10E2-438A-875B-D761F527536E} = {D464FABD-4850-4B61-94B7-46A4BA307597}
	EndGlobalSection
	GlobalSection(ExtensibilityGlobals) = postSolution
		SolutionGuid = {910BDD9B-03D1-4FC4-ACCE-A49A68029903}
	EndGlobalSection
EndGlobal
